
Microsoft Visual Studio Solution File, Format Version 12.00
# Visual Studio Version 16
VisualStudioVersion = 16.0.29926.136
MinimumVisualStudioVersion = 10.0.40219.1
Project("{8BC9CEB8-8B4A-11D0-8D11-00A0C91BC942}") = "GameEngine2", "GameEngine2\GameEngine2.vcxproj", "{086A9D3D-80A7-4807-9AC7-66F19A75E98F}"
EndProject
Project("{8BC9CEB8-8B4A-11D0-8D11-00A0C91BC942}") = "Engine", "Engine\Engine.vcxproj", "{1AF511C0-3D59-4A88-8672-8FF867EA10CB}"
EndProject
Global
	GlobalSection(SolutionConfigurationPlatforms) = preSolution
		Debug|x64 = Debug|x64
		Debug|x86 = Debug|x86
		Release|x64 = Release|x64
		Release|x86 = Release|x86
	EndGlobalSection
	GlobalSection(ProjectConfigurationPlatforms) = postSolution
		{086A9D3D-80A7-4807-9AC7-66F19A75E98F}.Debug|x64.ActiveCfg = Debug|x64
		{086A9D3D-80A7-4807-9AC7-66F19A75E98F}.Debug|x64.Build.0 = Debug|x64
		{086A9D3D-80A7-4807-9AC7-66F19A75E98F}.Debug|x86.ActiveCfg = Debug|Win32
		{086A9D3D-80A7-4807-9AC7-66F19A75E98F}.Debug|x86.Build.0 = Debug|Win32
		{086A9D3D-80A7-4807-9AC7-66F19A75E98F}.Release|x64.ActiveCfg = Release|x64
		{086A9D3D-80A7-4807-9AC7-66F19A75E98F}.Release|x64.Build.0 = Release|x64
		{086A9D3D-80A7-4807-9AC7-66F19A75E98F}.Release|x86.ActiveCfg = Release|Win32
		{086A9D3D-80A7-4807-9AC7-66F19A75E98F}.Release|x86.Build.0 = Release|Win32
		{1AF511C0-3D59-4A88-8672-8FF867EA10CB}.Debug|x64.ActiveCfg = Debug|x64
		{1AF511C0-3D59-4A88-8672-8FF867EA10CB}.Debug|x64.Build.0 = Debug|x64
		{1AF511C0-3D59-4A88-8672-8FF867EA10CB}.Debug|x86.ActiveCfg = Debug|Win32
		{1AF511C0-3D59-4A88-8672-8FF867EA10CB}.Debug|x86.Build.0 = Debug|Win32
		{1AF511C0-3D59-4A88-8672-8FF867EA10CB}.Release|x64.ActiveCfg = Release|x64
		{1AF511C0-3D59-4A88-8672-8FF867EA10CB}.Release|x64.Build.0 = Release|x64
		{1AF511C0-3D59-4A88-8672-8FF867EA10CB}.Release|x86.ActiveCfg = Release|Win32
		{1AF511C0-3D59-4A88-8672-8FF867EA10CB}.Release|x86.Build.0 = Release|Win32
	EndGlobalSection
	GlobalSection(SolutionProperties) = preSolution
		HideSolutionNode = FALSE
	EndGlobalSection
	GlobalSection(ExtensibilityGlobals) = postSolution
		SolutionGuid = {9B7CDC60-15CC-48B4-80FA-41C9EBF33D61}
	EndGlobalSection
EndGlobal
